version = 1
requires-python = ">=3.10"

[[package]]
name = "colorama"
version = "0.4.6"
source = { registry = "https://pypi.org/simple" }
sdist = { url = "https://files.pythonhosted.org/packages/d8/53/6f443c9a4a8358a93a6792e2acffb9d9d5cb0a5cfd8802644b7b1c9a02e4/colorama-0.4.6.tar.gz", hash = "sha256:08695f5cb7ed6e0531a20572697297273c47b8cae5a63ffc6d6ed5c201be6e44", size = 27697 }
wheels = [
    { url = "https://files.pythonhosted.org/packages/d1/d6/3965ed04c63042e047cb6a3e6ed1a63a35087b6a609aa3a15ed8ac56c221/colorama-0.4.6-py2.py3-none-any.whl", hash = "sha256:4f1d9991f5acc0ca119f9d443620b77f9d6b33703e51011c16baf57afb285fc6", size = 25335 },
]

[[package]]
name = "coverage"
version = "7.6.7"
source = { registry = "https://pypi.org/simple" }
sdist = { url = "https://files.pythonhosted.org/packages/bf/68/26895f8b068e384b1ec9ab122565b913b735e6b4c618b3d265a280607edc/coverage-7.6.7.tar.gz", hash = "sha256:d79d4826e41441c9a118ff045e4bccb9fdbdcb1d02413e7ea6eb5c87b5439d24", size = 799938 }
wheels = [
    { url = "https://files.pythonhosted.org/packages/62/c9/84898713e61208ddbe71b991d8f311d9ca175629ce5f1a46018acc643572/coverage-7.6.7-cp310-cp310-macosx_10_9_x86_64.whl", hash = "sha256:108bb458827765d538abcbf8288599fee07d2743357bdd9b9dad456c287e121e", size = 206875 },
    { url = "https://files.pythonhosted.org/packages/f0/69/7dfd65f0e284617f72d974f6dfedc7bc16f86172e5bc6ebc8b63430263f3/coverage-7.6.7-cp310-cp310-macosx_11_0_arm64.whl", hash = "sha256:c973b2fe4dc445cb865ab369df7521df9c27bf40715c837a113edaa2aa9faf45", size = 207307 },
    { url = "https://files.pythonhosted.org/packages/d1/ce/6e356b2bc751bdaadd77c714336b98ec45ccaf0cfe085b6b25d34f7cceb8/coverage-7.6.7-cp310-cp310-manylinux_2_17_aarch64.manylinux2014_aarch64.whl", hash = "sha256:3c6b24007c4bcd0b19fac25763a7cac5035c735ae017e9a349b927cfc88f31c1", size = 235744 },
    { url = "https://files.pythonhosted.org/packages/35/49/a7ab3d5a507d32344994cab856784e8d603c0b698070f7667c3ae41e8e50/coverage-7.6.7-cp310-cp310-manylinux_2_5_i686.manylinux1_i686.manylinux_2_17_i686.manylinux2014_i686.whl", hash = "sha256:acbb8af78f8f91b3b51f58f288c0994ba63c646bc1a8a22ad072e4e7e0a49f1c", size = 233645 },
    { url = "https://files.pythonhosted.org/packages/bd/41/de07328d2e79916fcc6cd53a5a1d18d163483519ab95f7f60fe15276811c/coverage-7.6.7-cp310-cp310-manylinux_2_5_x86_64.manylinux1_x86_64.manylinux_2_17_x86_64.manylinux2014_x86_64.whl", hash = "sha256:ad32a981bcdedb8d2ace03b05e4fd8dace8901eec64a532b00b15217d3677dd2", size = 234807 },
    { url = "https://files.pythonhosted.org/packages/e4/cc/2a669319b1295e0c52e8cfbbb163b32188b62f3b0bbe7014ef402b24b7cf/coverage-7.6.7-cp310-cp310-musllinux_1_2_aarch64.whl", hash = "sha256:34d23e28ccb26236718a3a78ba72744212aa383141961dd6825f6595005c8b06", size = 233902 },
    { url = "https://files.pythonhosted.org/packages/68/71/a1bb90cb177358a2d364b3968a2069225f614d6824c3d959dee688ca0902/coverage-7.6.7-cp310-cp310-musllinux_1_2_i686.whl", hash = "sha256:e25bacb53a8c7325e34d45dddd2f2fbae0dbc230d0e2642e264a64e17322a777", size = 232363 },
    { url = "https://files.pythonhosted.org/packages/eb/dc/87551219d3437214523d1c7de0a717bead7a3369ed9bae05a7fd2854476f/coverage-7.6.7-cp310-cp310-musllinux_1_2_x86_64.whl", hash = "sha256:af05bbba896c4472a29408455fe31b3797b4d8648ed0a2ccac03e074a77e2314", size = 233493 },
    { url = "https://files.pythonhosted.org/packages/ca/a4/d74ae3a3fb9e55fe5d9b811ce68a6bd8df3ae0a92c336acbc00075bc24fa/coverage-7.6.7-cp310-cp310-win32.whl", hash = "sha256:796c9b107d11d2d69e1849b2dfe41730134b526a49d3acb98ca02f4985eeff7a", size = 209593 },
    { url = "https://files.pythonhosted.org/packages/77/cb/7984c4d0404e8fcc4ada226b240965ef056e7a20e61a18c9038bf88e7624/coverage-7.6.7-cp310-cp310-win_amd64.whl", hash = "sha256:987a8e3da7da4eed10a20491cf790589a8e5e07656b6dc22d3814c4d88faf163", size = 210398 },
    { url = "https://files.pythonhosted.org/packages/c6/d7/1bf7bb0943237149ad01977190ac5c2e17add1f4fe7cabc06401682137f6/coverage-7.6.7-cp311-cp311-macosx_10_9_x86_64.whl", hash = "sha256:7e61b0e77ff4dddebb35a0e8bb5a68bf0f8b872407d8d9f0c726b65dfabe2469", size = 206979 },
    { url = "https://files.pythonhosted.org/packages/83/eb/863b2cd654353b94c6ad834008df813424bf3e8f110e5f655fe5dc4c423b/coverage-7.6.7-cp311-cp311-macosx_11_0_arm64.whl", hash = "sha256:1a5407a75ca4abc20d6252efeb238377a71ce7bda849c26c7a9bece8680a5d99", size = 207431 },
    { url = "https://files.pythonhosted.org/packages/35/c9/d7a02a9654c41174fb99402c0fbd9583d0d2cb8714e7f948117fa7f919c4/coverage-7.6.7-cp311-cp311-manylinux_2_17_aarch64.manylinux2014_aarch64.whl", hash = "sha256:df002e59f2d29e889c37abd0b9ee0d0e6e38c24f5f55d71ff0e09e3412a340ec", size = 239368 },
    { url = "https://files.pythonhosted.org/packages/11/64/6c43a0ec43e5ddc5e09b0b589e3fd31def05fc463920d084e5af35fe527d/coverage-7.6.7-cp311-cp311-manylinux_2_5_i686.manylinux1_i686.manylinux_2_17_i686.manylinux2014_i686.whl", hash = "sha256:673184b3156cba06154825f25af33baa2671ddae6343f23175764e65a8c4c30b", size = 236769 },
    { url = "https://files.pythonhosted.org/packages/1c/dc/e77d98ae433c556c29328712a07fed0e6d159a63b2ec81039ce0a13a24a3/coverage-7.6.7-cp311-cp311-manylinux_2_5_x86_64.manylinux1_x86_64.manylinux_2_17_x86_64.manylinux2014_x86_64.whl", hash = "sha256:e69ad502f1a2243f739f5bd60565d14a278be58be4c137d90799f2c263e7049a", size = 238634 },
    { url = "https://files.pythonhosted.org/packages/cc/84/50df3a8426d686057496171b4ccdb64528dacc4f42e94dceb7de3c598a69/coverage-7.6.7-cp311-cp311-musllinux_1_2_aarch64.whl", hash = "sha256:60dcf7605c50ea72a14490d0756daffef77a5be15ed1b9fea468b1c7bda1bc3b", size = 237562 },
    { url = "https://files.pythonhosted.org/packages/2e/0f/9560196247574c1ccdab64cb923d69119fd5abd5b3db28d601ab2b452861/coverage-7.6.7-cp311-cp311-musllinux_1_2_i686.whl", hash = "sha256:9c2eb378bebb2c8f65befcb5147877fc1c9fbc640fc0aad3add759b5df79d55d", size = 236197 },
    { url = "https://files.pythonhosted.org/packages/df/14/38b7c081e86e845df1867143ddb6e05bf8395f60ab3923c023a56d97cca1/coverage-7.6.7-cp311-cp311-musllinux_1_2_x86_64.whl", hash = "sha256:3c0317288f032221d35fa4cbc35d9f4923ff0dfd176c79c9b356e8ef8ef2dff4", size = 236970 },
    { url = "https://files.pythonhosted.org/packages/8b/f3/af34f814ca3814f798878ae368b638edb91298595470614f5265f3f416fa/coverage-7.6.7-cp311-cp311-win32.whl", hash = "sha256:951aade8297358f3618a6e0660dc74f6b52233c42089d28525749fc8267dccd2", size = 209557 },
    { url = "https://files.pythonhosted.org/packages/5a/9e/5d1080d83d752873bd9dedea5524c0f5fe68a3d5e1e58c590865bd724591/coverage-7.6.7-cp311-cp311-win_amd64.whl", hash = "sha256:5e444b8e88339a2a67ce07d41faabb1d60d1004820cee5a2c2b54e2d8e429a0f", size = 210402 },
    { url = "https://files.pythonhosted.org/packages/84/30/30e9df650b9038962c62d900b093a17414d5b43b4d07d47b8698d9e7ce26/coverage-7.6.7-cp312-cp312-macosx_10_13_x86_64.whl", hash = "sha256:f07ff574986bc3edb80e2c36391678a271d555f91fd1d332a1e0f4b5ea4b6ea9", size = 207172 },
    { url = "https://files.pythonhosted.org/packages/88/8b/e28f86412317b9514692fd6f9d8ac6faa12494c3f470c3c63f202e10c756/coverage-7.6.7-cp312-cp312-macosx_11_0_arm64.whl", hash = "sha256:49ed5ee4109258973630c1f9d099c7e72c5c36605029f3a91fe9982c6076c82b", size = 207406 },
    { url = "https://files.pythonhosted.org/packages/ac/46/da1bd9a3a893f74f5ce85f35e2755fcb00a80ed21e18d300c54f64938b1c/coverage-7.6.7-cp312-cp312-manylinux_2_17_aarch64.manylinux2014_aarch64.whl", hash = "sha256:f3e8796434a8106b3ac025fd15417315d7a58ee3e600ad4dbcfddc3f4b14342c", size = 240424 },
    { url = "https://files.pythonhosted.org/packages/f6/12/af8e932496de1997bf4a36785d025ddac6427cbaf6954f26c2edaf21a58a/coverage-7.6.7-cp312-cp312-manylinux_2_5_i686.manylinux1_i686.manylinux_2_17_i686.manylinux2014_i686.whl", hash = "sha256:a3b925300484a3294d1c70f6b2b810d6526f2929de954e5b6be2bf8caa1f12c1", size = 237456 },
    { url = "https://files.pythonhosted.org/packages/60/a2/23eb11eb60f825a84397cb94701d6f41d2e8e88ad7d0ba2b4339f38435fb/coverage-7.6.7-cp312-cp312-manylinux_2_5_x86_64.manylinux1_x86_64.manylinux_2_17_x86_64.manylinux2014_x86_64.whl", hash = "sha256:3c42ec2c522e3ddd683dec5cdce8e62817afb648caedad9da725001fa530d354", size = 239527 },
    { url = "https://files.pythonhosted.org/packages/47/9e/63b318bc469308a32b0fbd6c80e2ea05dd7a2b7e840a46b3974843083a8c/coverage-7.6.7-cp312-cp312-musllinux_1_2_aarch64.whl", hash = "sha256:0266b62cbea568bd5e93a4da364d05de422110cbed5056d69339bd5af5685433", size = 239011 },
    { url = "https://files.pythonhosted.org/packages/99/47/1e84b067df3f021dfbc9cba09ec9acd4cb64938648a234e5bdf3006fd08b/coverage-7.6.7-cp312-cp312-musllinux_1_2_i686.whl", hash = "sha256:e5f2a0f161d126ccc7038f1f3029184dbdf8f018230af17ef6fd6a707a5b881f", size = 237316 },
    { url = "https://files.pythonhosted.org/packages/12/9d/96baaafc948d4a0ef2248a611d41051eea0917ef881d744879dd20be7c4a/coverage-7.6.7-cp312-cp312-musllinux_1_2_x86_64.whl", hash = "sha256:c132b5a22821f9b143f87446805e13580b67c670a548b96da945a8f6b4f2efbb", size = 238980 },
    { url = "https://files.pythonhosted.org/packages/87/d9/97af1886ca3f612d0cea2999d33e90d2f5b8fdf9bedc2d3bc75883efec4c/coverage-7.6.7-cp312-cp312-win32.whl", hash = "sha256:7c07de0d2a110f02af30883cd7dddbe704887617d5c27cf373362667445a4c76", size = 209801 },
    { url = "https://files.pythonhosted.org/packages/f8/4d/1e31c2018b1b3738154639f94188b1f54098fbf0f80c7ec104928576d0bb/coverage-7.6.7-cp312-cp312-win_amd64.whl", hash = "sha256:fd49c01e5057a451c30c9b892948976f5d38f2cbd04dc556a82743ba8e27ed8c", size = 210587 },
    { url = "https://files.pythonhosted.org/packages/21/87/c590d0c7eeb884995d9d06b429c5e88e9fcd65d3a6a686d9476cb50b72a9/coverage-7.6.7-cp313-cp313-macosx_10_13_x86_64.whl", hash = "sha256:46f21663e358beae6b368429ffadf14ed0a329996248a847a4322fb2e35d64d3", size = 207199 },
    { url = "https://files.pythonhosted.org/packages/40/ee/c88473c4f69c952f4425fabe045cb78d2027634ce50c9d7f7987d389b604/coverage-7.6.7-cp313-cp313-macosx_11_0_arm64.whl", hash = "sha256:40cca284c7c310d622a1677f105e8507441d1bb7c226f41978ba7c86979609ab", size = 207454 },
    { url = "https://files.pythonhosted.org/packages/b8/07/afda6e10c50e3a8c21020c5c1d1b4f3d7eff1c190305cef2962adf8de018/coverage-7.6.7-cp313-cp313-manylinux_2_17_aarch64.manylinux2014_aarch64.whl", hash = "sha256:77256ad2345c29fe59ae861aa11cfc74579c88d4e8dbf121cbe46b8e32aec808", size = 239971 },
    { url = "https://files.pythonhosted.org/packages/85/43/bd1934b75e31f2a49665be6a6b7f8bfaff7266ba19721bdb90239f5e9ed7/coverage-7.6.7-cp313-cp313-manylinux_2_5_i686.manylinux1_i686.manylinux_2_17_i686.manylinux2014_i686.whl", hash = "sha256:87ea64b9fa52bf395272e54020537990a28078478167ade6c61da7ac04dc14bc", size = 237119 },
    { url = "https://files.pythonhosted.org/packages/2b/19/7a70458c1624724086195b40628e91bc5b9ca180cdfefcc778285c49c7b2/coverage-7.6.7-cp313-cp313-manylinux_2_5_x86_64.manylinux1_x86_64.manylinux_2_17_x86_64.manylinux2014_x86_64.whl", hash = "sha256:2d608a7808793e3615e54e9267519351c3ae204a6d85764d8337bd95993581a8", size = 239109 },
    { url = "https://files.pythonhosted.org/packages/f3/2c/3dee671415ff13c05ca68243b2264fc95a5eea57697cffa7986b68b8f608/coverage-7.6.7-cp313-cp313-musllinux_1_2_aarch64.whl", hash = "sha256:cdd94501d65adc5c24f8a1a0eda110452ba62b3f4aeaba01e021c1ed9cb8f34a", size = 238769 },
    { url = "https://files.pythonhosted.org/packages/37/ad/e0d1228638711aeacacc98d1197af6226b6d062d12c81a6bcc17d3234533/coverage-7.6.7-cp313-cp313-musllinux_1_2_i686.whl", hash = "sha256:82c809a62e953867cf57e0548c2b8464207f5f3a6ff0e1e961683e79b89f2c55", size = 236854 },
    { url = "https://files.pythonhosted.org/packages/90/95/6467e9d9765a63c7f142703a7f212f6af114bd73a6c1cffeb7ad7f003a86/coverage-7.6.7-cp313-cp313-musllinux_1_2_x86_64.whl", hash = "sha256:bb684694e99d0b791a43e9fc0fa58efc15ec357ac48d25b619f207c41f2fd384", size = 238701 },
    { url = "https://files.pythonhosted.org/packages/b2/7a/fc11a163f0fd6ce8539d0f1b565873fe6903b900214ff71b5d80d16154c3/coverage-7.6.7-cp313-cp313-win32.whl", hash = "sha256:963e4a08cbb0af6623e61492c0ec4c0ec5c5cf74db5f6564f98248d27ee57d30", size = 209865 },
    { url = "https://files.pythonhosted.org/packages/f2/91/58be3a56efff0c3481e48e2caa56d5d6f3c5c8d385bf4adbecdfd85484b0/coverage-7.6.7-cp313-cp313-win_amd64.whl", hash = "sha256:14045b8bfd5909196a90da145a37f9d335a5d988a83db34e80f41e965fb7cb42", size = 210597 },
    { url = "https://files.pythonhosted.org/packages/34/7e/fed983809c2eccb09c5ddccfdb08efb7f2dd1ae3454dabf1c92c5a2e9946/coverage-7.6.7-cp313-cp313t-macosx_10_13_x86_64.whl", hash = "sha256:f2c7a045eef561e9544359a0bf5784b44e55cefc7261a20e730baa9220c83413", size = 207944 },
    { url = "https://files.pythonhosted.org/packages/c7/e0/2c1a157986a3927c3920e8e3938a3fdf33ea22b6f371dc3b679f13f619e2/coverage-7.6.7-cp313-cp313t-macosx_11_0_arm64.whl", hash = "sha256:5dd4e4a49d9c72a38d18d641135d2fb0bdf7b726ca60a103836b3d00a1182acd", size = 208215 },
    { url = "https://files.pythonhosted.org/packages/35/2f/77b086b228f6443ae5499467d1629c7428925b390cd171350c403bc00f14/coverage-7.6.7-cp313-cp313t-manylinux_2_17_aarch64.manylinux2014_aarch64.whl", hash = "sha256:5c95e0fa3d1547cb6f021ab72f5c23402da2358beec0a8e6d19a368bd7b0fb37", size = 250930 },
    { url = "https://files.pythonhosted.org/packages/60/d8/2ffea937d89ee328fc6e47c2515b890735bdf3f195d507d1c78b5fa96939/coverage-7.6.7-cp313-cp313t-manylinux_2_5_i686.manylinux1_i686.manylinux_2_17_i686.manylinux2014_i686.whl", hash = "sha256:f63e21ed474edd23f7501f89b53280014436e383a14b9bd77a648366c81dce7b", size = 246647 },
    { url = "https://files.pythonhosted.org/packages/b2/81/efbb3b00a7f7eb5f54a3b3b9f19b26d770a0b7d3870d651f07d2451c5504/coverage-7.6.7-cp313-cp313t-manylinux_2_5_x86_64.manylinux1_x86_64.manylinux_2_17_x86_64.manylinux2014_x86_64.whl", hash = "sha256:ead9b9605c54d15be228687552916c89c9683c215370c4a44f1f217d2adcc34d", size = 249006 },
    { url = "https://files.pythonhosted.org/packages/eb/91/ce36990cbefaf7909e96c888ed4d83f3471fc1be3273a5beda10896cde0f/coverage-7.6.7-cp313-cp313t-musllinux_1_2_aarch64.whl", hash = "sha256:0573f5cbf39114270842d01872952d301027d2d6e2d84013f30966313cadb529", size = 248500 },
    { url = "https://files.pythonhosted.org/packages/75/3f/b8c87dfdd96276870fb4abc7e2957cba7d20d8a435fcd816d807869ec833/coverage-7.6.7-cp313-cp313t-musllinux_1_2_i686.whl", hash = "sha256:e2c8e3384c12dfa19fa9a52f23eb091a8fad93b5b81a41b14c17c78e23dd1d8b", size = 246388 },
    { url = "https://files.pythonhosted.org/packages/a0/51/62273e1d5c25bb8fbef5fbbadc75b4a3e08c11b80516d0a97c25e5cced5b/coverage-7.6.7-cp313-cp313t-musllinux_1_2_x86_64.whl", hash = "sha256:70a56a2ec1869e6e9fa69ef6b76b1a8a7ef709972b9cc473f9ce9d26b5997ce3", size = 247669 },
    { url = "https://files.pythonhosted.org/packages/75/e5/d7772e56a7eace80e98ac39f2756d4b690fc0ce2384418174e02519a26a8/coverage-7.6.7-cp313-cp313t-win32.whl", hash = "sha256:dbba8210f5067398b2c4d96b4e64d8fb943644d5eb70be0d989067c8ca40c0f8", size = 210510 },
    { url = "https://files.pythonhosted.org/packages/2d/12/f2666e4e36b43221391ffcd971ab0c50e19439c521c2c87cd7e0b49ddba2/coverage-7.6.7-cp313-cp313t-win_amd64.whl", hash = "sha256:dfd14bcae0c94004baba5184d1c935ae0d1231b8409eb6c103a5fd75e8ecdc56", size = 211660 },
    { url = "https://files.pythonhosted.org/packages/e1/ec/dc663f7d34651aca74a531d10800595d9ec28a78b8306705721900b17a23/coverage-7.6.7-pp39.pp310-none-any.whl", hash = "sha256:0ddcb70b3a3a57581b450571b31cb774f23eb9519c2aaa6176d3a84c9fc57671", size = 199113 },
]

[package.optional-dependencies]
toml = [
    { name = "tomli", marker = "python_full_version <= '3.11'" },
]

[[package]]
name = "exceptiongroup"
version = "1.2.2"
source = { registry = "https://pypi.org/simple" }
sdist = { url = "https://files.pythonhosted.org/packages/09/35/2495c4ac46b980e4ca1f6ad6db102322ef3ad2410b79fdde159a4b0f3b92/exceptiongroup-1.2.2.tar.gz", hash = "sha256:47c2edf7c6738fafb49fd34290706d1a1a2f4d1c6df275526b62cbb4aa5393cc", size = 28883 }
wheels = [
    { url = "https://files.pythonhosted.org/packages/02/cc/b7e31358aac6ed1ef2bb790a9746ac2c69bcb3c8588b41616914eb106eaf/exceptiongroup-1.2.2-py3-none-any.whl", hash = "sha256:3111b9d131c238bec2f8f516e123e14ba243563fb135d3fe885990585aa7795b", size = 16453 },
]

[[package]]
name = "iniconfig"
version = "2.0.0"
source = { registry = "https://pypi.org/simple" }
sdist = { url = "https://files.pythonhosted.org/packages/d7/4b/cbd8e699e64a6f16ca3a8220661b5f83792b3017d0f79807cb8708d33913/iniconfig-2.0.0.tar.gz", hash = "sha256:2d91e135bf72d31a410b17c16da610a82cb55f6b0477d1a902134b24a455b8b3", size = 4646 }
wheels = [
    { url = "https://files.pythonhosted.org/packages/ef/a6/62565a6e1cf69e10f5727360368e451d4b7f58beeac6173dc9db836a5b46/iniconfig-2.0.0-py3-none-any.whl", hash = "sha256:b6a85871a79d2e3b22d2d1b94ac2824226a63c6b741c88f7ae975f18b6778374", size = 5892 },
]

[[package]]
name = "injex"
version = "1.0.0"
source = { virtual = "." }

[package.dev-dependencies]
dev = [
    { name = "mypy" },
    { name = "pytest" },
    { name = "pytest-cov" },
    { name = "ruff" },
]

[package.metadata]

[package.metadata.requires-dev]
dev = [
    { name = "mypy", specifier = ">=1.12.1" },
    { name = "pytest", specifier = ">=8.3.3" },
    { name = "pytest-cov", specifier = ">=6.0.0" },
    { name = "ruff", specifier = ">=0.7.0" },
]

[[package]]
name = "mypy"
version = "1.12.1"
source = { registry = "https://pypi.org/simple" }
dependencies = [
    { name = "mypy-extensions" },
    { name = "tomli", marker = "python_full_version < '3.11'" },
    { name = "typing-extensions" },
]
sdist = { url = "https://files.pythonhosted.org/packages/17/03/744330105a74dc004578f47ec27e1bf66b1dd5664ea444d18423e41343bd/mypy-1.12.1.tar.gz", hash = "sha256:f5b3936f7a6d0e8280c9bdef94c7ce4847f5cdfc258fbb2c29a8c1711e8bb96d", size = 3150767 }
wheels = [
    { url = "https://files.pythonhosted.org/packages/16/90/3a83d3bcff2eb85151723f116336bd545995b5260a49d3e0d95213fcc2d7/mypy-1.12.1-cp310-cp310-macosx_10_9_x86_64.whl", hash = "sha256:3d7d4371829184e22fda4015278fbfdef0327a4b955a483012bd2d423a788801", size = 11017908 },
    { url = "https://files.pythonhosted.org/packages/e4/5c/d6b32ddde2460fc63168ca0f7bf44f38474353547f7c0304a30023c40aa0/mypy-1.12.1-cp310-cp310-macosx_11_0_arm64.whl", hash = "sha256:f59f1dfbf497d473201356966e353ef09d4daec48caeacc0254db8ef633a28a5", size = 10184164 },
    { url = "https://files.pythonhosted.org/packages/42/5e/680aa37c938e6db23bd7e6dd4d38d7e609998491721e453b32ec10d31e7f/mypy-1.12.1-cp310-cp310-manylinux_2_17_x86_64.manylinux2014_x86_64.manylinux_2_28_x86_64.whl", hash = "sha256:b947097fae68004b8328c55161ac9db7d3566abfef72d9d41b47a021c2fba6b1", size = 12587852 },
    { url = "https://files.pythonhosted.org/packages/9e/0f/9cafea1c3aaf852cfa1d4a387f33923b6d9714b5c16eb0469da67c5c31e4/mypy-1.12.1-cp310-cp310-musllinux_1_1_x86_64.whl", hash = "sha256:96af62050971c5241afb4701c15189ea9507db89ad07794a4ee7b4e092dc0627", size = 13106489 },
    { url = "https://files.pythonhosted.org/packages/ea/c3/7f56d5d87a81e665de8dfa424120ab3a6954ae5854946cec0a46f78f6168/mypy-1.12.1-cp310-cp310-win_amd64.whl", hash = "sha256:d90da248f4c2dba6c44ddcfea94bb361e491962f05f41990ff24dbd09969ce20", size = 9634753 },
    { url = "https://files.pythonhosted.org/packages/18/0a/70de7c97a86cb85535077ab5cef1cbc4e2812fd2e9cc21d78eb561a6b80f/mypy-1.12.1-cp311-cp311-macosx_10_9_x86_64.whl", hash = "sha256:1230048fec1380faf240be6385e709c8570604d2d27ec6ca7e573e3bc09c3735", size = 10940998 },
    { url = "https://files.pythonhosted.org/packages/c0/97/9ed6d4834d7549936ab88533b302184fb568a0940c4000d2aaee6dc07112/mypy-1.12.1-cp311-cp311-macosx_11_0_arm64.whl", hash = "sha256:02dcfe270c6ea13338210908f8cadc8d31af0f04cee8ca996438fe6a97b4ec66", size = 10108523 },
    { url = "https://files.pythonhosted.org/packages/48/41/1686f37d09c915dfc5b683e20cc99dabac199900b5ca6d22747b99ddcb50/mypy-1.12.1-cp311-cp311-manylinux_2_17_x86_64.manylinux2014_x86_64.manylinux_2_28_x86_64.whl", hash = "sha256:a5a437c9102a6a252d9e3a63edc191a3aed5f2fcb786d614722ee3f4472e33f6", size = 12505553 },
    { url = "https://files.pythonhosted.org/packages/8d/2b/2dbcaa7e97b23f27ced77493256ee878f4a140ac750e198630ff1b9b60c6/mypy-1.12.1-cp311-cp311-musllinux_1_1_x86_64.whl", hash = "sha256:186e0c8346efc027ee1f9acf5ca734425fc4f7dc2b60144f0fbe27cc19dc7931", size = 12988634 },
    { url = "https://files.pythonhosted.org/packages/54/55/710d082e91a2ccaea21214229b11f9215a9d22446f949491b5457655e82b/mypy-1.12.1-cp311-cp311-win_amd64.whl", hash = "sha256:673ba1140a478b50e6d265c03391702fa11a5c5aff3f54d69a62a48da32cb811", size = 9630747 },
    { url = "https://files.pythonhosted.org/packages/8a/74/b9e0e4f06e951e277058f878302faa154d282ca11274c59fe08353f52949/mypy-1.12.1-cp312-cp312-macosx_10_13_x86_64.whl", hash = "sha256:9fb83a7be97c498176fb7486cafbb81decccaef1ac339d837c377b0ce3743a7f", size = 11079902 },
    { url = "https://files.pythonhosted.org/packages/9f/62/fcad290769db3eb0de265094cef5c94d6075c70bc1e42b67eee4ca192dcc/mypy-1.12.1-cp312-cp312-macosx_11_0_arm64.whl", hash = "sha256:389e307e333879c571029d5b93932cf838b811d3f5395ed1ad05086b52148fb0", size = 10072373 },
    { url = "https://files.pythonhosted.org/packages/cb/27/9ac78349c2952e4446288ec1174675ab9e0160ed18c2cb1154fa456c54e8/mypy-1.12.1-cp312-cp312-manylinux_2_17_x86_64.manylinux2014_x86_64.manylinux_2_28_x86_64.whl", hash = "sha256:94b2048a95a21f7a9ebc9fbd075a4fcd310410d078aa0228dbbad7f71335e042", size = 12589779 },
    { url = "https://files.pythonhosted.org/packages/7c/4a/58cebd122cf1cba95680ac51303fbeb508392413ca64e3e711aa7d4877aa/mypy-1.12.1-cp312-cp312-musllinux_1_1_x86_64.whl", hash = "sha256:4ee5932370ccf7ebf83f79d1c157a5929d7ea36313027b0d70a488493dc1b179", size = 13044459 },
    { url = "https://files.pythonhosted.org/packages/5b/c7/672935e2a3f9bcc07b1b870395a653f665657bef3cdaa504ad99f56eadf0/mypy-1.12.1-cp312-cp312-win_amd64.whl", hash = "sha256:19bf51f87a295e7ab2894f1d8167622b063492d754e69c3c2fed6563268cb42a", size = 9731919 },
    { url = "https://files.pythonhosted.org/packages/bb/b0/092be5094840a401940c95224f63bb2a8f09bce9251ac1df180ec523830c/mypy-1.12.1-cp313-cp313-macosx_10_13_x86_64.whl", hash = "sha256:d34167d43613ffb1d6c6cdc0cc043bb106cac0aa5d6a4171f77ab92a3c758bcc", size = 11068611 },
    { url = "https://files.pythonhosted.org/packages/9a/86/f20f53b8f062876c39602243d7a59b5cabd6b24315d8de511d607fa4de6a/mypy-1.12.1-cp313-cp313-macosx_11_0_arm64.whl", hash = "sha256:427878aa54f2e2c5d8db31fa9010c599ed9f994b3b49e64ae9cd9990c40bd635", size = 10068036 },
    { url = "https://files.pythonhosted.org/packages/84/c7/1dbd6575785522da1d4c1ac2c419505fcf23bee74811880cac447a4a77ab/mypy-1.12.1-cp313-cp313-manylinux_2_17_x86_64.manylinux2014_x86_64.manylinux_2_28_x86_64.whl", hash = "sha256:5fcde63ea2c9f69d6be859a1e6dd35955e87fa81de95bc240143cf00de1f7f81", size = 12585671 },
    { url = "https://files.pythonhosted.org/packages/46/8a/f6ae18b446eb2bccce54c4bd94065bcfe417d6c67021dcc032bf1e720aff/mypy-1.12.1-cp313-cp313-musllinux_1_1_x86_64.whl", hash = "sha256:d54d840f6c052929f4a3d2aab2066af0f45a020b085fe0e40d4583db52aab4e4", size = 13036083 },
    { url = "https://files.pythonhosted.org/packages/59/e6/fc65fde3dc7156fce8d49ba21c7b1f5d866ad50467bf196ca94a7f6d2c9e/mypy-1.12.1-cp313-cp313-win_amd64.whl", hash = "sha256:20db6eb1ca3d1de8ece00033b12f793f1ea9da767334b7e8c626a4872090cf02", size = 9735467 },
    { url = "https://files.pythonhosted.org/packages/84/6b/1db9de4e0764778251fb2d64cb7455cf6db75dc99c9f72c8b7e74b6a8a17/mypy-1.12.1-py3-none-any.whl", hash = "sha256:ce561a09e3bb9863ab77edf29ae3a50e65685ad74bba1431278185b7e5d5486e", size = 2646060 },
]

[[package]]
name = "mypy-extensions"
version = "1.0.0"
source = { registry = "https://pypi.org/simple" }
sdist = { url = "https://files.pythonhosted.org/packages/98/a4/1ab47638b92648243faf97a5aeb6ea83059cc3624972ab6b8d2316078d3f/mypy_extensions-1.0.0.tar.gz", hash = "sha256:75dbf8955dc00442a438fc4d0666508a9a97b6bd41aa2f0ffe9d2f2725af0782", size = 4433 }
wheels = [
    { url = "https://files.pythonhosted.org/packages/2a/e2/5d3f6ada4297caebe1a2add3b126fe800c96f56dbe5d1988a2cbe0b267aa/mypy_extensions-1.0.0-py3-none-any.whl", hash = "sha256:4392f6c0eb8a5668a69e23d168ffa70f0be9ccfd32b5cc2d26a34ae5b844552d", size = 4695 },
]

[[package]]
name = "packaging"
version = "24.1"
source = { registry = "https://pypi.org/simple" }
sdist = { url = "https://files.pythonhosted.org/packages/51/65/50db4dda066951078f0a96cf12f4b9ada6e4b811516bf0262c0f4f7064d4/packaging-24.1.tar.gz", hash = "sha256:026ed72c8ed3fcce5bf8950572258698927fd1dbda10a5e981cdf0ac37f4f002", size = 148788 }
wheels = [
    { url = "https://files.pythonhosted.org/packages/08/aa/cc0199a5f0ad350994d660967a8efb233fe0416e4639146c089643407ce6/packaging-24.1-py3-none-any.whl", hash = "sha256:5b8f2217dbdbd2f7f384c41c628544e6d52f2d0f53c6d0c3ea61aa5d1d7ff124", size = 53985 },
]

[[package]]
name = "pluggy"
version = "1.5.0"
source = { registry = "https://pypi.org/simple" }
sdist = { url = "https://files.pythonhosted.org/packages/96/2d/02d4312c973c6050a18b314a5ad0b3210edb65a906f868e31c111dede4a6/pluggy-1.5.0.tar.gz", hash = "sha256:2cffa88e94fdc978c4c574f15f9e59b7f4201d439195c3715ca9e2486f1d0cf1", size = 67955 }
wheels = [
    { url = "https://files.pythonhosted.org/packages/88/5f/e351af9a41f866ac3f1fac4ca0613908d9a41741cfcf2228f4ad853b697d/pluggy-1.5.0-py3-none-any.whl", hash = "sha256:44e1ad92c8ca002de6377e165f3e0f1be63266ab4d554740532335b9d75ea669", size = 20556 },
]

[[package]]
name = "pytest"
version = "8.3.3"
source = { registry = "https://pypi.org/simple" }
dependencies = [
    { name = "colorama", marker = "sys_platform == 'win32'" },
    { name = "exceptiongroup", marker = "python_full_version < '3.11'" },
    { name = "iniconfig" },
    { name = "packaging" },
    { name = "pluggy" },
    { name = "tomli", marker = "python_full_version < '3.11'" },
]
sdist = { url = "https://files.pythonhosted.org/packages/8b/6c/62bbd536103af674e227c41a8f3dcd022d591f6eed5facb5a0f31ee33bbc/pytest-8.3.3.tar.gz", hash = "sha256:70b98107bd648308a7952b06e6ca9a50bc660be218d53c257cc1fc94fda10181", size = 1442487 }
wheels = [
    { url = "https://files.pythonhosted.org/packages/6b/77/7440a06a8ead44c7757a64362dd22df5760f9b12dc5f11b6188cd2fc27a0/pytest-8.3.3-py3-none-any.whl", hash = "sha256:a6853c7375b2663155079443d2e45de913a911a11d669df02a50814944db57b2", size = 342341 },
]

[[package]]
name = "pytest-cov"
version = "6.0.0"
source = { registry = "https://pypi.org/simple" }
dependencies = [
    { name = "coverage", extra = ["toml"] },
    { name = "pytest" },
]
sdist = { url = "https://files.pythonhosted.org/packages/be/45/9b538de8cef30e17c7b45ef42f538a94889ed6a16f2387a6c89e73220651/pytest-cov-6.0.0.tar.gz", hash = "sha256:fde0b595ca248bb8e2d76f020b465f3b107c9632e6a1d1705f17834c89dcadc0", size = 66945 }
wheels = [
    { url = "https://files.pythonhosted.org/packages/36/3b/48e79f2cd6a61dbbd4807b4ed46cb564b4fd50a76166b1c4ea5c1d9e2371/pytest_cov-6.0.0-py3-none-any.whl", hash = "sha256:eee6f1b9e61008bd34975a4d5bab25801eb31898b032dd55addc93e96fcaaa35", size = 22949 },
]

[[package]]
name = "ruff"
version = "0.7.0"
source = { registry = "https://pypi.org/simple" }
sdist = { url = "https://files.pythonhosted.org/packages/2c/c7/f3367d1da5d568192968c5c9e7f3d51fb317b9ac04828493b23d8fce8ce6/ruff-0.7.0.tar.gz", hash = "sha256:47a86360cf62d9cd53ebfb0b5eb0e882193fc191c6d717e8bef4462bc3b9ea2b", size = 3146645 }
wheels = [
    { url = "https://files.pythonhosted.org/packages/48/59/a0275a0913f3539498d116046dd679cd657fe3b7caf5afe1733319414932/ruff-0.7.0-py3-none-linux_armv6l.whl", hash = "sha256:0cdf20c2b6ff98e37df47b2b0bd3a34aaa155f59a11182c1303cce79be715628", size = 10434007 },
    { url = "https://files.pythonhosted.org/packages/cd/94/da0ba5f956d04c90dd899209904210600009dcda039ce840d83eb4298c7d/ruff-0.7.0-py3-none-macosx_10_12_x86_64.whl", hash = "sha256:496494d350c7fdeb36ca4ef1c9f21d80d182423718782222c29b3e72b3512737", size = 10048066 },
    { url = "https://files.pythonhosted.org/packages/57/1d/e5cc149ecc46e4f203403a79ccd170fad52d316f98b87d0f63b1945567db/ruff-0.7.0-py3-none-macosx_11_0_arm64.whl", hash = "sha256:214b88498684e20b6b2b8852c01d50f0651f3cc6118dfa113b4def9f14faaf06", size = 9711389 },
    { url = "https://files.pythonhosted.org/packages/05/67/fb7ea2c869c539725a16c5bc294e9aa34f8b1b6fe702f1d173a5da517c2b/ruff-0.7.0-py3-none-manylinux_2_17_aarch64.manylinux2014_aarch64.whl", hash = "sha256:630fce3fefe9844e91ea5bbf7ceadab4f9981f42b704fae011bb8efcaf5d84be", size = 10755174 },
    { url = "https://files.pythonhosted.org/packages/5f/f0/13703bc50536a0613ea3dce991116e5f0917a1f05528c6ab738b33c08d3f/ruff-0.7.0-py3-none-manylinux_2_17_armv7l.manylinux2014_armv7l.whl", hash = "sha256:211d877674e9373d4bb0f1c80f97a0201c61bcd1e9d045b6e9726adc42c156aa", size = 10196040 },
    { url = "https://files.pythonhosted.org/packages/99/c1/77b04ab20324ab03d333522ee55fb0f1c38e3ca0d326b4905f82ce6b6c70/ruff-0.7.0-py3-none-manylinux_2_17_i686.manylinux2014_i686.whl", hash = "sha256:194d6c46c98c73949a106425ed40a576f52291c12bc21399eb8f13a0f7073495", size = 11033684 },
    { url = "https://files.pythonhosted.org/packages/f2/97/f463334dc4efeea3551cd109163df15561c18a1c3ec13d51643740fd36ba/ruff-0.7.0-py3-none-manylinux_2_17_ppc64.manylinux2014_ppc64.whl", hash = "sha256:82c2579b82b9973a110fab281860403b397c08c403de92de19568f32f7178598", size = 11803700 },
    { url = "https://files.pythonhosted.org/packages/b4/f8/a31d40c4bb92933d376a53e7c5d0245d9b27841357e4820e96d38f54b480/ruff-0.7.0-py3-none-manylinux_2_17_ppc64le.manylinux2014_ppc64le.whl", hash = "sha256:9af971fe85dcd5eaed8f585ddbc6bdbe8c217fb8fcf510ea6bca5bdfff56040e", size = 11347848 },
    { url = "https://files.pythonhosted.org/packages/83/62/0c133b35ddaf91c65c30a56718b80bdef36bfffc35684d29e3a4878e0ea3/ruff-0.7.0-py3-none-manylinux_2_17_s390x.manylinux2014_s390x.whl", hash = "sha256:b641c7f16939b7d24b7bfc0be4102c56562a18281f84f635604e8a6989948914", size = 12480632 },
    { url = "https://files.pythonhosted.org/packages/46/96/464058dd1d980014fb5aa0a1254e78799efb3096fc7a4823cd66a1621276/ruff-0.7.0-py3-none-manylinux_2_17_x86_64.manylinux2014_x86_64.whl", hash = "sha256:d71672336e46b34e0c90a790afeac8a31954fd42872c1f6adaea1dff76fd44f9", size = 10941919 },
    { url = "https://files.pythonhosted.org/packages/a0/f7/bda37ec77986a435dde44e1f59374aebf4282a5fa9cf17735315b847141f/ruff-0.7.0-py3-none-musllinux_1_2_aarch64.whl", hash = "sha256:ab7d98c7eed355166f367597e513a6c82408df4181a937628dbec79abb2a1fe4", size = 10745519 },
    { url = "https://files.pythonhosted.org/packages/c2/33/5f77fc317027c057b61a848020a47442a1cbf12e592df0e41e21f4d0f3bd/ruff-0.7.0-py3-none-musllinux_1_2_armv7l.whl", hash = "sha256:1eb54986f770f49edb14f71d33312d79e00e629a57387382200b1ef12d6a4ef9", size = 10284872 },
    { url = "https://files.pythonhosted.org/packages/ff/50/98aec292bc9537f640b8d031c55f3414bf15b6ed13b3e943fed75ac927b9/ruff-0.7.0-py3-none-musllinux_1_2_i686.whl", hash = "sha256:dc452ba6f2bb9cf8726a84aa877061a2462afe9ae0ea1d411c53d226661c601d", size = 10600334 },
    { url = "https://files.pythonhosted.org/packages/f2/85/12607ae3201423a179b8cfadc7cb1e57d02cd0135e45bd0445acb4cef327/ruff-0.7.0-py3-none-musllinux_1_2_x86_64.whl", hash = "sha256:4b406c2dce5be9bad59f2de26139a86017a517e6bcd2688da515481c05a2cb11", size = 11017333 },
    { url = "https://files.pythonhosted.org/packages/d4/7f/3b85a56879e705d5f46ec14daf8a439fca05c3081720fe3dc3209100922d/ruff-0.7.0-py3-none-win32.whl", hash = "sha256:f6c968509f767776f524a8430426539587d5ec5c662f6addb6aa25bc2e8195ec", size = 8570962 },
    { url = "https://files.pythonhosted.org/packages/39/9f/c5ee2b40d377354dabcc23cff47eb299de4b4d06d345068f8f8cc1eadac8/ruff-0.7.0-py3-none-win_amd64.whl", hash = "sha256:ff4aabfbaaba880e85d394603b9e75d32b0693152e16fa659a3064a85df7fce2", size = 9365544 },
    { url = "https://files.pythonhosted.org/packages/89/8b/ee1509f60148cecba644aa718f6633216784302458340311898aaf0b1bed/ruff-0.7.0-py3-none-win_arm64.whl", hash = "sha256:10842f69c245e78d6adec7e1db0a7d9ddc2fff0621d730e61657b64fa36f207e", size = 8695763 },
]

[[package]]
name = "tomli"
version = "2.0.2"
source = { registry = "https://pypi.org/simple" }
sdist = { url = "https://files.pythonhosted.org/packages/35/b9/de2a5c0144d7d75a57ff355c0c24054f965b2dc3036456ae03a51ea6264b/tomli-2.0.2.tar.gz", hash = "sha256:d46d457a85337051c36524bc5349dd91b1877838e2979ac5ced3e710ed8a60ed", size = 16096 }
wheels = [
    { url = "https://files.pythonhosted.org/packages/cf/db/ce8eda256fa131af12e0a76d481711abe4681b6923c27efb9a255c9e4594/tomli-2.0.2-py3-none-any.whl", hash = "sha256:2ebe24485c53d303f690b0ec092806a085f07af5a5aa1464f3931eec36caaa38", size = 13237 },
]

[[package]]
name = "typing-extensions"
version = "4.12.2"
source = { registry = "https://pypi.org/simple" }
sdist = { url = "https://files.pythonhosted.org/packages/df/db/f35a00659bc03fec321ba8bce9420de607a1d37f8342eee1863174c69557/typing_extensions-4.12.2.tar.gz", hash = "sha256:1a7ead55c7e559dd4dee8856e3a88b41225abfe1ce8df57b7c13915fe121ffb8", size = 85321 }
wheels = [
    { url = "https://files.pythonhosted.org/packages/26/9f/ad63fc0248c5379346306f8668cda6e2e2e9c95e01216d2b8ffd9ff037d0/typing_extensions-4.12.2-py3-none-any.whl", hash = "sha256:04e5ca0351e0f3f85c6853954072df659d0d13fac324d0072316b67d7794700d", size = 37438 },
]
